Microsoft Visual Studio Solution File, Format Version 12.00
# Visual Studio Version 17
VisualStudioVersion = 17.5.2.0
MinimumVisualStudioVersion = 10.0.40219.1
Project("{FAE04EC0-301F-11D3-BF4B-00C04F79EFBC}") = "IfYouAreDoneWithYourExMoveIntoTheNext", "IfYouAreDoneWithYourExMoveIntoTheNext.csproj", "{0B9EC506-75D5-7F36-6849-96FF57425FE5}"
EndProject
Global
	GlobalSection(SolutionConfigurationPlatforms) = preSolution
		Debug|Any CPU = Debug|Any CPU
		Release|Any CPU = Release|Any CPU
	EndGlobalSection
	GlobalSection(ProjectConfigurationPlatforms) = postSolution
		{0B9EC506-75D5-7F36-6849-96FF57425FE5}.Debug|Any CPU.ActiveCfg = Debug|Any CPU
		{0B9EC506-75D5-7F36-6849-96FF57425FE5}.Debug|Any CPU.Build.0 = Debug|Any CPU
		{0B9EC506-75D5-7F36-6849-96FF57425FE5}.Release|Any CPU.ActiveCfg = Release|Any CPU
		{0B9EC506-75D5-7F36-6849-96FF57425FE5}.Release|Any CPU.Build.0 = Release|Any CPU
	EndGlobalSection
	GlobalSection(SolutionProperties) = preSolution
		HideSolutionNode = FALSE
	EndGlobalSection
	GlobalSection(ExtensibilityGlobals) = postSolution
		SolutionGuid = {7C81C3ED-4E13-4EF7-A288-A51194B7E421}
	EndGlobalSection
EndGlobal
